
Microsoft Visual Studio Solution File, Format Version 12.00
# Visual Studio Version 16
VisualStudioVersion = 16.0.30711.63
MinimumVisualStudioVersion = 10.0.40219.1
Project("{FAE04EC0-301F-11D3-BF4B-00C04F79EFBC}") = "PingWing", "PingWing\PingWing.csproj", "{35738363-2F72-4B06-A6A2-43CB3B3A80C6}"
EndProject
Global
	GlobalSection(SolutionConfigurationPlatforms) = preSolution
		Debug|Any CPU = Debug|Any CPU
		Release|Any CPU = Release|Any CPU
	EndGlobalSection
	GlobalSection(ProjectConfigurationPlatforms) = postSolution
		{35738363-2F72-4B06-A6A2-43CB3B3A80C6}.Debug|Any CPU.ActiveCfg = Debug|Any CPU
		{35738363-2F72-4B06-A6A2-43CB3B3A80C6}.Debug|Any CPU.Build.0 = Debug|Any CPU
		{35738363-2F72-4B06-A6A2-43CB3B3A80C6}.Release|Any CPU.ActiveCfg = Release|Any CPU
		{35738363-2F72-4B06-A6A2-43CB3B3A80C6}.Release|Any CPU.Build.0 = Release|Any CPU
	EndGlobalSection
	GlobalSection(SolutionProperties) = preSolution
		HideSolutionNode = FALSE
	EndGlobalSection
	GlobalSection(ExtensibilityGlobals) = postSolution
		SolutionGuid = {B9B9D782-9DBA-40A3-83DD-26A56EC5DCA9}
	EndGlobalSection
EndGlobal
