
Microsoft Visual Studio Solution File, Format Version 12.00
# Visual Studio Version 16
VisualStudioVersion = 16.0.30711.63
MinimumVisualStudioVersion = 10.0.40219.1
Project("{FAE04EC0-301F-11D3-BF4B-00C04F79EFBC}") = "KleineDemo", "KleineDemo\KleineDemo.csproj", "{19C142F4-BA22-4029-9DC7-DC9D6F136D45}"
EndProject
Global
	GlobalSection(SolutionConfigurationPlatforms) = preSolution
		Debug|Any CPU = Debug|Any CPU
		Release|Any CPU = Release|Any CPU
	EndGlobalSection
	GlobalSection(ProjectConfigurationPlatforms) = postSolution
		{19C142F4-BA22-4029-9DC7-DC9D6F136D45}.Debug|Any CPU.ActiveCfg = Debug|Any CPU
		{19C142F4-BA22-4029-9DC7-DC9D6F136D45}.Debug|Any CPU.Build.0 = Debug|Any CPU
		{19C142F4-BA22-4029-9DC7-DC9D6F136D45}.Release|Any CPU.ActiveCfg = Release|Any CPU
		{19C142F4-BA22-4029-9DC7-DC9D6F136D45}.Release|Any CPU.Build.0 = Release|Any CPU
	EndGlobalSection
	GlobalSection(SolutionProperties) = preSolution
		HideSolutionNode = FALSE
	EndGlobalSection
	GlobalSection(ExtensibilityGlobals) = postSolution
		SolutionGuid = {99CDC4E7-ED2F-4E5C-907E-C64F06D6E9C6}
	EndGlobalSection
EndGlobal
